
Microsoft Visual Studio Solution File, Format Version 12.00
# Visual Studio Version 17
VisualStudioVersion = 17.11.35327.3
MinimumVisualStudioVersion = 10.0.40219.1
Project("{9A19103F-16F7-4668-BE54-9A1E7A4F7556}") = "RSFrontEnd", "RSFrontEnd\RSFrontEnd\RSFrontEnd.csproj", "{1308CEC7-F2B9-4CBA-9AFB-6385774934E3}"
EndProject
Project("{9A19103F-16F7-4668-BE54-9A1E7A4F7556}") = "RSFrontEnd.Client", "RSFrontEnd\RSFrontEnd.Client\RSFrontEnd.Client.csproj", "{3BDB705A-00D3-498C-8034-4CCB742B3DBF}"
EndProject
Global
	GlobalSection(SolutionConfigurationPlatforms) = preSolution
		Debug|Any CPU = Debug|Any CPU
		Release|Any CPU = Release|Any CPU
	EndGlobalSection
	GlobalSection(ProjectConfigurationPlatforms) = postSolution
		{1308CEC7-F2B9-4CBA-9AFB-6385774934E3}.Debug|Any CPU.ActiveCfg = Debug|Any CPU
		{1308CEC7-F2B9-4CBA-9AFB-6385774934E3}.Debug|Any CPU.Build.0 = Debug|Any CPU
		{1308CEC7-F2B9-4CBA-9AFB-6385774934E3}.Release|Any CPU.ActiveCfg = Release|Any CPU
		{1308CEC7-F2B9-4CBA-9AFB-6385774934E3}.Release|Any CPU.Build.0 = Release|Any CPU
		{3BDB705A-00D3-498C-8034-4CCB742B3DBF}.Debug|Any CPU.ActiveCfg = Debug|Any CPU
		{3BDB705A-00D3-498C-8034-4CCB742B3DBF}.Debug|Any CPU.Build.0 = Debug|Any CPU
		{3BDB705A-00D3-498C-8034-4CCB742B3DBF}.Release|Any CPU.ActiveCfg = Release|Any CPU
		{3BDB705A-00D3-498C-8034-4CCB742B3DBF}.Release|Any CPU.Build.0 = Release|Any CPU
	EndGlobalSection
	GlobalSection(SolutionProperties) = preSolution
		HideSolutionNode = FALSE
	EndGlobalSection
	GlobalSection(ExtensibilityGlobals) = postSolution
		SolutionGuid = {B76112DB-9D58-4294-90B1-B176A6381675}
	EndGlobalSection
EndGlobal
